
Microsoft Visual Studio Solution File, Format Version 12.00
# Visual Studio 15
VisualStudioVersion = 15.0.28307.329
MinimumVisualStudioVersion = 10.0.40219.1
Project("{FAE04EC0-301F-11D3-BF4B-00C04F79EFBC}") = "Activity11", "Activity3\Activity11.csproj", "{7F97DD7B-9C7D-4012-BBE4-1680AD229352}"
EndProject
Project("{FAE04EC0-301F-11D3-BF4B-00C04F79EFBC}") = "HelloWorldService", "HelloWorldService\HelloWorldService.csproj", "{ACD9E09B-F552-4F89-8738-B469F082729E}"
EndProject
Global
	GlobalSection(SolutionConfigurationPlatforms) = preSolution
		Debug|Any CPU = Debug|Any CPU
		Release|Any CPU = Release|Any CPU
	EndGlobalSection
	GlobalSection(ProjectConfigurationPlatforms) = postSolution
		{7F97DD7B-9C7D-4012-BBE4-1680AD229352}.Debug|Any CPU.ActiveCfg = Debug|Any CPU
		{7F97DD7B-9C7D-4012-BBE4-1680AD229352}.Debug|Any CPU.Build.0 = Debug|Any CPU
		{7F97DD7B-9C7D-4012-BBE4-1680AD229352}.Release|Any CPU.ActiveCfg = Release|Any CPU
		{7F97DD7B-9C7D-4012-BBE4-1680AD229352}.Release|Any CPU.Build.0 = Release|Any CPU
		{ACD9E09B-F552-4F89-8738-B469F082729E}.Debug|Any CPU.ActiveCfg = Debug|Any CPU
		{ACD9E09B-F552-4F89-8738-B469F082729E}.Debug|Any CPU.Build.0 = Debug|Any CPU
		{ACD9E09B-F552-4F89-8738-B469F082729E}.Release|Any CPU.ActiveCfg = Release|Any CPU
		{ACD9E09B-F552-4F89-8738-B469F082729E}.Release|Any CPU.Build.0 = Release|Any CPU
	EndGlobalSection
	GlobalSection(SolutionProperties) = preSolution
		HideSolutionNode = FALSE
	EndGlobalSection
	GlobalSection(ExtensibilityGlobals) = postSolution
		SolutionGuid = {20568C9B-4C9C-4991-8FE1-EFF1EF1BC6FC}
	EndGlobalSection
EndGlobal
